
Microsoft Visual Studio Solution File, Format Version 12.00
# Visual Studio Version 17
VisualStudioVersion = 17.13.35825.156
MinimumVisualStudioVersion = 10.0.40219.1
Project("{FAE04EC0-301F-11D3-BF4B-00C04F79EFBC}") = "FullStackWebAppForRestaurants", "FullStackWebAppForRestaurants\FullStackWebAppForRestaurants.csproj", "{541C138A-F6E9-454D-8D4A-98597EBCC52E}"
EndProject
Project("{FAE04EC0-301F-11D3-BF4B-00C04F79EFBC}") = "FullStackWebAppForRestaurants.Tests", "FullStackWebAppForRestaurants.Tests\FullStackWebAppForRestaurants.Tests.csproj", "{C2920C9D-E36E-4240-B6D8-4E168259151F}"
EndProject
Global
	GlobalSection(SolutionConfigurationPlatforms) = preSolution
		Debug|Any CPU = Debug|Any CPU
		Release|Any CPU = Release|Any CPU
	EndGlobalSection
	GlobalSection(ProjectConfigurationPlatforms) = postSolution
		{541C138A-F6E9-454D-8D4A-98597EBCC52E}.Debug|Any CPU.ActiveCfg = Debug|Any CPU
		{541C138A-F6E9-454D-8D4A-98597EBCC52E}.Debug|Any CPU.Build.0 = Debug|Any CPU
		{541C138A-F6E9-454D-8D4A-98597EBCC52E}.Release|Any CPU.ActiveCfg = Release|Any CPU
		{541C138A-F6E9-454D-8D4A-98597EBCC52E}.Release|Any CPU.Build.0 = Release|Any CPU
		{C2920C9D-E36E-4240-B6D8-4E168259151F}.Debug|Any CPU.ActiveCfg = Debug|Any CPU
		{C2920C9D-E36E-4240-B6D8-4E168259151F}.Debug|Any CPU.Build.0 = Debug|Any CPU
		{C2920C9D-E36E-4240-B6D8-4E168259151F}.Release|Any CPU.ActiveCfg = Release|Any CPU
		{C2920C9D-E36E-4240-B6D8-4E168259151F}.Release|Any CPU.Build.0 = Release|Any CPU
	EndGlobalSection
	GlobalSection(SolutionProperties) = preSolution
		HideSolutionNode = FALSE
	EndGlobalSection
	GlobalSection(ExtensibilityGlobals) = postSolution
		SolutionGuid = {ECC1D25B-E3CE-42C3-82C9-1D7DE7899772}
	EndGlobalSection
EndGlobal
